// !$*UTF8*$!
{
	archiveVersion = 1;
	classes = {
	};
	objectVersion = 46;
	objects = {

/* Begin PBXBuildFile section */
		491AC2961E08C4600024F648 /* AppDelegate.swift in Sources */ = {isa = PBXBuildFile; fileRef = 491AC2951E08C4600024F648 /* AppDelegate.swift */; };
		491AC2981E08C4600024F648 /* ViewController.swift in Sources */ = {isa = PBXBuildFile; fileRef = 491AC2971E08C4600024F648 /* ViewController.swift */; };
		491AC29B1E08C4600024F648 /* Main.storyboard in Resources */ = {isa = PBXBuildFile; fileRef = 491AC2991E08C4600024F648 /* Main.storyboard */; };
		491AC29D1E08C4600024F648 /* Assets.xcassets in Resources */ = {isa = PBXBuildFile; fileRef = 491AC29C1E08C4600024F648 /* Assets.xcassets */; };
		491AC2A01E08C4600024F648 /* LaunchScreen.storyboard in Resources */ = {isa = PBXBuildFile; fileRef = 491AC29E1E08C4600024F648 /* LaunchScreen.storyboard */; };
		491AC2AB1E08C5CF0024F648 /* btnChannel.png in Resources */ = {isa = PBXBuildFile; fileRef = 491AC2A71E08C5CF0024F648 /* btnChannel.png */; };
		491AC2AC1E08C5CF0024F648 /* logo.jpg in Resources */ = {isa = PBXBuildFile; fileRef = 491AC2A81E08C5CF0024F648 /* logo.jpg */; };
		491AC2AD1E08C5CF0024F648 /* detail.jpg in Resources */ = {isa = PBXBuildFile; fileRef = 491AC2A91E08C5CF0024F648 /* detail.jpg */; };
		491AC2AE1E08C5CF0024F648 /* btnPlay.png in Resources */ = {isa = PBXBuildFile; fileRef = 491AC2AA1E08C5CF0024F648 /* btnPlay.png */; };
		49B999E81E08FB2500DF32A5 /* ChannelController.swift in Sources */ = {isa = PBXBuildFile; fileRef = 49B999E71E08FB2500DF32A5 /* ChannelController.swift */; };
		49B999EA1E08FEB100DF32A5 /* HttpController.swift in Sources */ = {isa = PBXBuildFile; fileRef = 49B999E91E08FEB100DF32A5 /* HttpController.swift */; };
/* End PBXBuildFile section */

/* Begin PBXFileReference section */
		491AC2921E08C45F0024F648 /* DBFM.app */ = {isa = PBXFileReference; explicitFileType = wrapper.application; includeInIndex = 0; path = DBFM.app; sourceTree = BUILT_PRODUCTS_DIR; };
		491AC2951E08C4600024F648 /* AppDelegate.swift */ = {isa = PBXFileReference; lastKnownFileType = sourcecode.swift; path = AppDelegate.swift; sourceTree = "<group>"; };
		491AC2971E08C4600024F648 /* ViewController.swift */ = {isa = PBXFileReference; lastKnownFileType = sourcecode.swift; path = ViewController.swift; sourceTree = "<group>"; };
		491AC29A1E08C4600024F648 /* Base */ = {isa = PBXFileReference; lastKnownFileType = file.storyboard; name = Base; path = Base.lproj/Main.storyboard; sourceTree = "<group>"; };
		491AC29C1E08C4600024F648 /* Assets.xcassets */ = {isa = PBXFileReference; lastKnownFileType = folder.assetcatalog; path = Assets.xcassets; sourceTree = "<group>"; };
		491AC29F1E08C4600024F648 /* Base */ = {isa = PBXFileReference; lastKnownFileType = file.storyboard; name = Base; path = Base.lproj/LaunchScreen.storyboard; sourceTree = "<group>"; };
		491AC2A11E08C4600024F648 /* Info.plist */ = {isa = PBXFileReference; lastKnownFileType = text.plist.xml; path = Info.plist; sourceTree = "<group>"; };
		491AC2A71E08C5CF0024F648 /* btnChannel.png */ = {isa = PBXFileReference; lastKnownFileType = image.png; path = btnChannel.png; sourceTree = "<group>"; };
		491AC2A81E08C5CF0024F648 /* logo.jpg */ = {isa = PBXFileReference; lastKnownFileType = image.jpeg; path = logo.jpg; sourceTree = "<group>"; };
		491AC2A91E08C5CF0024F648 /* detail.jpg */ = {isa = PBXFileReference; lastKnownFileType = image.jpeg; path = detail.jpg; sourceTree = "<group>"; };
		491AC2AA1E08C5CF0024F648 /* btnPlay.png */ = {isa = PBXFileReference; lastKnownFileType = image.png; path = btnPlay.png; sourceTree = "<group>"; };
		49B999E71E08FB2500DF32A5 /* ChannelController.swift */ = {isa = PBXFileReference; fileEncoding = 4; lastKnownFileType = sourcecode.swift; path = ChannelController.swift; sourceTree = "<group>"; };
		49B999E91E08FEB100DF32A5 /* HttpController.swift */ = {isa = PBXFileReference; fileEncoding = 4; lastKnownFileType = sourcecode.swift; path = HttpController.swift; sourceTree = "<group>"; };
/* End PBXFileReference section */

/* Begin PBXFrameworksBuildPhase section */
		491AC28F1E08C45F0024F648 /* Frameworks */ = {
			isa = PBXFrameworksBuildPhase;
			buildActionMask = 2147483647;
			files = (
			);
			runOnlyForDeploymentPostprocessing = 0;
		};
/* End PBXFrameworksBuildPhase section */

/* Begin PBXGroup section */
		491AC2891E08C45F0024F648 = {
			isa = PBXGroup;
			children = (
				491AC2941E08C45F0024F648 /* DBFM */,
				491AC2931E08C45F0024F648 /* Products */,
			);
			sourceTree = "<group>";
		};
		491AC2931E08C45F0024F648 /* Products */ = {
			isa = PBXGroup;
			children = (
				491AC2921E08C45F0024F648 /* DBFM.app */,
			);
			name = Products;
			sourceTree = "<group>";
		};
		491AC2941E08C45F0024F648 /* DBFM */ = {
			isa = PBXGroup;
			children = (
				49B999E91E08FEB100DF32A5 /* HttpController.swift */,
				491AC2AF1E08C5D30024F648 /* images */,
				491AC2951E08C4600024F648 /* AppDelegate.swift */,
				491AC2971E08C4600024F648 /* ViewController.swift */,
				491AC2991E08C4600024F648 /* Main.storyboard */,
				491AC29C1E08C4600024F648 /* Assets.xcassets */,
				491AC29E1E08C4600024F648 /* LaunchScreen.storyboard */,
				491AC2A11E08C4600024F648 /* Info.plist */,
				49B999E71E08FB2500DF32A5 /* ChannelController.swift */,
			);
			path = DBFM;
			sourceTree = "<group>";
		};
		491AC2AF1E08C5D30024F648 /* images */ = {
			isa = PBXGroup;
			children = (
				491AC2A71E08C5CF0024F648 /* btnChannel.png */,
				491AC2A81E08C5CF0024F648 /* logo.jpg */,
				491AC2A91E08C5CF0024F648 /* detail.jpg */,
				491AC2AA1E08C5CF0024F648 /* btnPlay.png */,
			);
			name = images;
			sourceTree = "<group>";
		};
/* End PBXGroup section */

/* Begin PBXNativeTarget section */
		491AC2911E08C45F0024F648 /* DBFM */ = {
			isa = PBXNativeTarget;
			buildConfigurationList = 491AC2A41E08C4600024F648 /* Build configuration list for PBXNativeTarget "DBFM" */;
			buildPhases = (
				491AC28E1E08C45F0024F648 /* Sources */,
				491AC28F1E08C45F0024F648 /* Frameworks */,
				491AC2901E08C45F0024F648 /* Resources */,
			);
			buildRules = (
			);
			dependencies = (
			);
			name = DBFM;
			productName = DBFM;
			productReference = 491AC2921E08C45F0024F648 /* DBFM.app */;
			productType = "com.apple.product-type.application";
		};
/* End PBXNativeTarget section */

/* Begin PBXProject section */
		491AC28A1E08C45F0024F648 /* Project object */ = {
			isa = PBXProject;
			attributes = {
				LastSwiftUpdateCheck = 0820;
				LastUpgradeCheck = 0820;
				ORGANIZATIONNAME = Melody5417;
				TargetAttributes = {
					491AC2911E08C45F0024F648 = {
						CreatedOnToolsVersion = 8.2;
						ProvisioningStyle = Automatic;
					};
				};
			};
			buildConfigurationList = 491AC28D1E08C45F0024F648 /* Build configuration list for PBXProject "DBFM" */;
			compatibilityVersion = "Xcode 3.2";
			developmentRegion = English;
			hasScannedForEncodings = 0;
			knownRegions = (
				en,
				Base,
			);
			mainGroup = 491AC2891E08C45F0024F648;
			productRefGroup = 491AC2931E08C45F0024F648 /* Products */;
			projectDirPath = "";
			projectRoot = "";
			targets = (
				491AC2911E08C45F0024F648 /* DBFM */,
			);
		};
/* End PBXProject section */

/* Begin PBXResourcesBuildPhase section */
		491AC2901E08C45F0024F648 /* Resources */ = {
			isa = PBXResourcesBuildPhase;
			buildActionMask = 2147483647;
			files = (
				491AC2A01E08C4600024F648 /* LaunchScreen.storyboard in Resources */,
				491AC2AC1E08C5CF0024F648 /* logo.jpg in Resources */,
				491AC29D1E08C4600024F648 /* Assets.xcassets in Resources */,
				491AC2AE1E08C5CF0024F648 /* btnPlay.png in Resources */,
				491AC2AB1E08C5CF0024F648 /* btnChannel.png in Resources */,
				491AC2AD1E08C5CF0024F648 /* detail.jpg in Resources */,
				491AC29B1E08C4600024F648 /* Main.storyboard in Resources */,
			);
			runOnlyForDeploymentPostprocessing = 0;
		};
/* End PBXResourcesBuildPhase section */

/* Begin PBXSourcesBuildPhase section */
		491AC28E1E08C45F0024F648 /* Sources */ = {
			isa = PBXSourcesBuildPhase;
			buildActionMask = 2147483647;
			files = (
				491AC2981E08C4600024F648 /* ViewController.swift in Sources */,
				491AC2961E08C4600024F648 /* AppDelegate.swift in Sources */,
				49B999E81E08FB2500DF32A5 /* ChannelController.swift in Sources */,
				49B999EA1E08FEB100DF32A5 /* HttpController.swift in Sources */,
			);
			runOnlyForDeploymentPostprocessing = 0;
		};
/* End PBXSourcesBuildPhase section */

/* Begin PBXVariantGroup section */
		491AC2991E08C4600024F648 /* Main.storyboard */ = {
			isa = PBXVariantGroup;
			children = (
				491AC29A1E08C4600024F648 /* Base */,
			);
			name = Main.storyboard;
			sourceTree = "<group>";
		};
		491AC29E1E08C4600024F648 /* LaunchScreen.storyboard */ = {
			isa = PBXVariantGroup;
			children = (
				491AC29F1E08C4600024F648 /* Base */,
			);
			name = LaunchScreen.storyboard;
			sourceTree = "<group>";
		};
/* End PBXVariantGroup section */

/* Begin XCBuildConfiguration section */
		491AC2A21E08C4600024F648 /* Debug */ = {
			isa = XCBuildConfiguration;
			buildSettings = {
				ALWAYS_SEARCH_USER_PATHS = NO;
				CLANG_ANALYZER_NONNULL = YES;
				CLANG_CXX_LANGUAGE_STANDARD = "gnu++0x";
				CLANG_CXX_LIBRARY = "libc++";
				CLANG_ENABLE_MODULES = YES;
				CLANG_ENABLE_OBJC_ARC = YES;
				CLANG_WARN_BOOL_CONVERSION = YES;
				CLANG_WARN_CONSTANT_CONVERSION = YES;
				CLANG_WARN_DIRECT_OBJC_ISA_USAGE = YES_ERROR;
				CLANG_WARN_DOCUMENTATION_COMMENTS = YES;
				CLANG_WARN_EMPTY_BODY = YES;
				CLANG_WARN_ENUM_CONVERSION = YES;
				CLANG_WARN_INFINITE_RECURSION = YES;
				CLANG_WARN_INT_CONVERSION = YES;
				CLANG_WARN_OBJC_ROOT_CLASS = YES_ERROR;
				CLANG_WARN_SUSPICIOUS_MOVE = YES;
				CLANG_WARN_UNREACHABLE_CODE = YES;
				CLANG_WARN__DUPLICATE_METHOD_MATCH = YES;
				"CODE_SIGN_IDENTITY[sdk=iphoneos*]" = "iPhone Developer";
				COPY_PHASE_STRIP = NO;
				DEBUG_INFORMATION_FORMAT = dwarf;
				ENABLE_STRICT_OBJC_MSGSEND = YES;
				ENABLE_TESTABILITY = YES;
				GCC_C_LANGUAGE_STANDARD = gnu99;
				GCC_DYNAMIC_NO_PIC = NO;
				GCC_NO_COMMON_BLOCKS = YES;
				GCC_OPTIMIZATION_LEVEL = 0;
				GCC_PREPROCESSOR_DEFINITIONS = (
					"DEBUG=1",
					"$(inherited)",
				);
				GCC_WARN_64_TO_32_BIT_CONVERSION = YES;
				GCC_WARN_ABOUT_RETURN_TYPE = YES_ERROR;
				GCC_WARN_UNDECLARED_SELECTOR = YES;
				GCC_WARN_UNINITIALIZED_AUTOS = YES_AGGRESSIVE;
				GCC_WARN_UNUSED_FUNCTION = YES;
				GCC_WARN_UNUSED_VARIABLE = YES;
				IPHONEOS_DEPLOYMENT_TARGET = 10.0;
				MTL_ENABLE_DEBUG_INFO = YES;
				ONLY_ACTIVE_ARCH = YES;
				SDKROOT = iphoneos;
				SWIFT_ACTIVE_COMPILATION_CONDITIONS = DEBUG;
				SWIFT_OPTIMIZATION_LEVEL = "-Onone";
			};
			name = Debug;
		};
		491AC2A31E08C4600024F648 /* Release */ = {
			isa = XCBuildConfiguration;
			buildSettings = {
				ALWAYS_SEARCH_USER_PATHS = NO;
				CLANG_ANALYZER_NONNULL = YES;
				CLANG_CXX_LANGUAGE_STANDARD = "gnu++0x";
				CLANG_CXX_LIBRARY = "libc++";
				CLANG_ENABLE_MODULES = YES;
				CLANG_ENABLE_OBJC_ARC = YES;
				CLANG_WARN_BOOL_CONVERSION = YES;
				CLANG_WARN_CONSTANT_CONVERSION = YES;
				CLANG_WARN_DIRECT_OBJC_ISA_USAGE = YES_ERROR;
				CLANG_WARN_DOCUMENTATION_COMMENTS = YES;
				CLANG_WARN_EMPTY_BODY = YES;
				CLANG_WARN_ENUM_CONVERSION = YES;
				CLANG_WARN_INFINITE_RECURSION = YES;
				CLANG_WARN_INT_CONVERSION = YES;
				CLANG_WARN_OBJC_ROOT_CLASS = YES_ERROR;
				CLANG_WARN_SUSPICIOUS_MOVE = YES;
				CLANG_WARN_UNREACHABLE_CODE = YES;
				CLANG_WARN__DUPLICATE_METHOD_MATCH = YES;
				"CODE_SIGN_IDENTITY[sdk=iphoneos*]" = "iPhone Developer";
				COPY_PHASE_STRIP = NO;
				DEBUG_INFORMATION_FORMAT = "dwarf-with-dsym";
				ENABLE_NS_ASSERTIONS = NO;
				ENABLE_STRICT_OBJC_MSGSEND = YES;
				GCC_C_LANGUAGE_STANDARD = gnu99;
				GCC_NO_COMMON_BLOCKS = YES;
				GCC_WARN_64_TO_32_BIT_CONVERSION = YES;
				GCC_WARN_ABOUT_RETURN_TYPE = YES_ERROR;
				GCC_WARN_UNDECLARED_SELECTOR = YES;
				GCC_WARN_UNINITIALIZED_AUTOS = YES_AGGRESSIVE;
				GCC_WARN_UNUSED_FUNCTION = YES;
				GCC_WARN_UNUSED_VARIABLE = YES;
				IPHONEOS_DEPLOYMENT_TARGET = 10.0;
				MTL_ENABLE_DEBUG_INFO = NO;
				SDKROOT = iphoneos;
				SWIFT_OPTIMIZATION_LEVEL = "-Owholemodule";
				VALIDATE_PRODUCT = YES;
			};
			name = Release;
		};
		491AC2A51E08C4600024F648 /* Debug */ = {
			isa = XCBuildConfiguration;
			buildSettings = {
				ASSETCATALOG_COMPILER_APPICON_NAME = AppIcon;
				INFOPLIST_FILE = DBFM/Info.plist;
				LD_RUNPATH_SEARCH_PATHS = "$(inherited) @executable_path/Frameworks";
				PRODUCT_BUNDLE_IDENTIFIER = com.Melody5417..DBFM;
				PRODUCT_NAME = "$(TARGET_NAME)";
				SWIFT_VERSION = 3.0;
			};
			name = Debug;
		};
		491AC2A61E08C4600024F648 /* Release */ = {
			isa = XCBuildConfiguration;
			buildSettings = {
				ASSETCATALOG_COMPILER_APPICON_NAME = AppIcon;
				INFOPLIST_FILE = DBFM/Info.plist;
				LD_RUNPATH_SEARCH_PATHS = "$(inherited) @executable_path/Frameworks";
				PRODUCT_BUNDLE_IDENTIFIER = com.Melody5417..DBFM;
				PRODUCT_NAME = "$(TARGET_NAME)";
				SWIFT_VERSION = 3.0;
			};
			name = Release;
		};
/* End XCBuildConfiguration section */

/* Begin XCConfigurationList section */
		491AC28D1E08C45F0024F648 /* Build configuration list for PBXProject "DBFM" */ = {
			isa = XCConfigurationList;
			buildConfigurations = (
				491AC2A21E08C4600024F648 /* Debug */,
				491AC2A31E08C4600024F648 /* Release */,
			);
			defaultConfigurationIsVisible = 0;
			defaultConfigurationName = Release;
		};
		491AC2A41E08C4600024F648 /* Build configuration list for PBXNativeTarget "DBFM" */ = {
			isa = XCConfigurationList;
			buildConfigurations = (
				491AC2A51E08C4600024F648 /* Debug */,
				491AC2A61E08C4600024F648 /* Release */,
			);
			defaultConfigurationIsVisible = 0;
			defaultConfigurationName = Release;
		};
/* End XCConfigurationList section */
	};
	rootObject = 491AC28A1E08C45F0024F648 /* Project object */;
}
